
Microsoft Visual Studio Solution File, Format Version 12.00
# Visual Studio Version 17
VisualStudioVersion = 17.9.34622.214
MinimumVisualStudioVersion = 10.0.40219.1
Project("{9A19103F-16F7-4668-BE54-9A1E7A4F7556}") = "DsK.AuthServer.TestApp.Shared", "DsK.AuthServer.TestApp.Shared\DsK.AuthServer.TestApp.Shared.csproj", "{92249AA0-E192-449D-87AF-BCA33CF817CE}"
EndProject
Project("{FAE04EC0-301F-11D3-BF4B-00C04F79EFBC}") = "DsK.AuthServer.TestApp.Server", "DsK.AuthServer.TestApp.Server\DsK.AuthServer.TestApp.Server.csproj", "{758777BD-84B9-4FCD-B75A-905A9A68FC10}"
EndProject
Project("{FAE04EC0-301F-11D3-BF4B-00C04F79EFBC}") = "DsK.AuthServer.TestApp.Client", "DsK.AuthServer.TestApp.Client\DsK.AuthServer.TestApp.Client.csproj", "{4F6FC732-939D-465D-8E10-0F6F2496D6F6}"
EndProject
Global
	GlobalSection(SolutionConfigurationPlatforms) = preSolution
		Debug|Any CPU = Debug|Any CPU
		Release|Any CPU = Release|Any CPU
	EndGlobalSection
	GlobalSection(ProjectConfigurationPlatforms) = postSolution
		{92249AA0-E192-449D-87AF-BCA33CF817CE}.Debug|Any CPU.ActiveCfg = Debug|Any CPU
		{92249AA0-E192-449D-87AF-BCA33CF817CE}.Debug|Any CPU.Build.0 = Debug|Any CPU
		{92249AA0-E192-449D-87AF-BCA33CF817CE}.Release|Any CPU.ActiveCfg = Release|Any CPU
		{92249AA0-E192-449D-87AF-BCA33CF817CE}.Release|Any CPU.Build.0 = Release|Any CPU
		{758777BD-84B9-4FCD-B75A-905A9A68FC10}.Debug|Any CPU.ActiveCfg = Debug|Any CPU
		{758777BD-84B9-4FCD-B75A-905A9A68FC10}.Debug|Any CPU.Build.0 = Debug|Any CPU
		{758777BD-84B9-4FCD-B75A-905A9A68FC10}.Release|Any CPU.ActiveCfg = Release|Any CPU
		{758777BD-84B9-4FCD-B75A-905A9A68FC10}.Release|Any CPU.Build.0 = Release|Any CPU
		{4F6FC732-939D-465D-8E10-0F6F2496D6F6}.Debug|Any CPU.ActiveCfg = Debug|Any CPU
		{4F6FC732-939D-465D-8E10-0F6F2496D6F6}.Debug|Any CPU.Build.0 = Debug|Any CPU
		{4F6FC732-939D-465D-8E10-0F6F2496D6F6}.Release|Any CPU.ActiveCfg = Release|Any CPU
		{4F6FC732-939D-465D-8E10-0F6F2496D6F6}.Release|Any CPU.Build.0 = Release|Any CPU
	EndGlobalSection
	GlobalSection(SolutionProperties) = preSolution
		HideSolutionNode = FALSE
	EndGlobalSection
	GlobalSection(ExtensibilityGlobals) = postSolution
		SolutionGuid = {9CE28D97-575A-4BDD-80C0-8431E772AD82}
	EndGlobalSection
EndGlobal
